
Microsoft Visual Studio Solution File, Format Version 12.00
# Visual Studio Version 16
VisualStudioVersion = 16.0.28803.202
MinimumVisualStudioVersion = 10.0.40219.1
Project("{8BC9CEB8-8B4A-11D0-8D11-00A0C91BC942}") = "ClosetProgram", "ClosetProgram\ClosetProgram.vcxproj", "{65BEED1B-D193-4D18-A308-76C7CC1782AB}"
EndProject
Global
	GlobalSection(SolutionConfigurationPlatforms) = preSolution
		Debug|x64 = Debug|x64
		Debug|x86 = Debug|x86
		Release|x64 = Release|x64
		Release|x86 = Release|x86
	EndGlobalSection
	GlobalSection(ProjectConfigurationPlatforms) = postSolution
		{65BEED1B-D193-4D18-A308-76C7CC1782AB}.Debug|x64.ActiveCfg = Debug|x64
		{65BEED1B-D193-4D18-A308-76C7CC1782AB}.Debug|x64.Build.0 = Debug|x64
		{65BEED1B-D193-4D18-A308-76C7CC1782AB}.Debug|x86.ActiveCfg = Debug|Win32
		{65BEED1B-D193-4D18-A308-76C7CC1782AB}.Debug|x86.Build.0 = Debug|Win32
		{65BEED1B-D193-4D18-A308-76C7CC1782AB}.Release|x64.ActiveCfg = Release|x64
		{65BEED1B-D193-4D18-A308-76C7CC1782AB}.Release|x64.Build.0 = Release|x64
		{65BEED1B-D193-4D18-A308-76C7CC1782AB}.Release|x86.ActiveCfg = Release|Win32
		{65BEED1B-D193-4D18-A308-76C7CC1782AB}.Release|x86.Build.0 = Release|Win32
	EndGlobalSection
	GlobalSection(SolutionProperties) = preSolution
		HideSolutionNode = FALSE
	EndGlobalSection
	GlobalSection(ExtensibilityGlobals) = postSolution
		SolutionGuid = {188FEF65-6952-4857-A2A8-3269246F2373}
	EndGlobalSection
EndGlobal
